// !$*UTF8*$!
{
	archiveVersion = 1;
	classes = {
	};
	objectVersion = 55;
	objects = {

/* Begin PBXBuildFile section */
		5269600727F9A0D2007F8D3C /* CFBApp.swift in Sources */ = {isa = PBXBuildFile; fileRef = 5269600627F9A0D2007F8D3C /* CFBApp.swift */; };
		5269600927F9A0D2007F8D3C /* ContentView.swift in Sources */ = {isa = PBXBuildFile; fileRef = 5269600827F9A0D2007F8D3C /* ContentView.swift */; };
		5269600B27F9A0D3007F8D3C /* Assets.xcassets in Resources */ = {isa = PBXBuildFile; fileRef = 5269600A27F9A0D3007F8D3C /* Assets.xcassets */; };
		5269600E27F9A0D3007F8D3C /* Preview Assets.xcassets in Resources */ = {isa = PBXBuildFile; fileRef = 5269600D27F9A0D3007F8D3C /* Preview Assets.xcassets */; };
		5269601C27FA6192007F8D3C /* Color-Themes.swift in Sources */ = {isa = PBXBuildFile; fileRef = 5269601B27FA6192007F8D3C /* Color-Themes.swift */; };
		5269601F27FA62B2007F8D3C /* Dashboard.swift in Sources */ = {isa = PBXBuildFile; fileRef = 5269601E27FA62B2007F8D3C /* Dashboard.swift */; };
		5269602227FA6702007F8D3C /* NFLLeagueDataModel.xcdatamodeld in Sources */ = {isa = PBXBuildFile; fileRef = 5269602027FA6701007F8D3C /* NFLLeagueDataModel.xcdatamodeld */; };
		5269602427FA75D3007F8D3C /* News.swift in Sources */ = {isa = PBXBuildFile; fileRef = 5269602327FA75D3007F8D3C /* News.swift */; };
		5269602627FA75F1007F8D3C /* League.swift in Sources */ = {isa = PBXBuildFile; fileRef = 5269602527FA75F1007F8D3C /* League.swift */; };
		5269602827FA761C007F8D3C /* Options.swift in Sources */ = {isa = PBXBuildFile; fileRef = 5269602727FA761C007F8D3C /* Options.swift */; };
		5269602B27FA9D36007F8D3C /* Oswald.ttf in Resources */ = {isa = PBXBuildFile; fileRef = 5269602A27FA9D36007F8D3C /* Oswald.ttf */; };
		5269602E27FAA4FA007F8D3C /* Alumni.ttf in Resources */ = {isa = PBXBuildFile; fileRef = 5269602D27FAA4FA007F8D3C /* Alumni.ttf */; };
		5269603027FAA660007F8D3C /* AlumniSansInlineOne-Regular.ttf in Resources */ = {isa = PBXBuildFile; fileRef = 5269602F27FAA660007F8D3C /* AlumniSansInlineOne-Regular.ttf */; };
/* End PBXBuildFile section */

/* Begin PBXFileReference section */
		5269600327F9A0D2007F8D3C /* NFLLeagueFantasy.app */ = {isa = PBXFileReference; explicitFileType = wrapper.application; includeInIndex = 0; path = NFLLeagueFantasy.app; sourceTree = BUILT_PRODUCTS_DIR; };
		5269600627F9A0D2007F8D3C /* CFBApp.swift */ = {isa = PBXFileReference; lastKnownFileType = sourcecode.swift; path = CFBApp.swift; sourceTree = "<group>"; };
		5269600827F9A0D2007F8D3C /* ContentView.swift */ = {isa = PBXFileReference; lastKnownFileType = sourcecode.swift; path = ContentView.swift; sourceTree = "<group>"; };
		5269600A27F9A0D3007F8D3C /* Assets.xcassets */ = {isa = PBXFileReference; lastKnownFileType = folder.assetcatalog; path = Assets.xcassets; sourceTree = "<group>"; };
		5269600D27F9A0D3007F8D3C /* Preview Assets.xcassets */ = {isa = PBXFileReference; lastKnownFileType = folder.assetcatalog; path = "Preview Assets.xcassets"; sourceTree = "<group>"; };
		5269601B27FA6192007F8D3C /* Color-Themes.swift */ = {isa = PBXFileReference; lastKnownFileType = sourcecode.swift; path = "Color-Themes.swift"; sourceTree = "<group>"; };
		5269601E27FA62B2007F8D3C /* Dashboard.swift */ = {isa = PBXFileReference; lastKnownFileType = sourcecode.swift; path = Dashboard.swift; sourceTree = "<group>"; };
		5269602127FA6701007F8D3C /* NFLLeagueDataModel.xcdatamodel */ = {isa = PBXFileReference; lastKnownFileType = wrapper.xcdatamodel; path = NFLLeagueDataModel.xcdatamodel; sourceTree = "<group>"; };
		5269602327FA75D3007F8D3C /* News.swift */ = {isa = PBXFileReference; lastKnownFileType = sourcecode.swift; path = News.swift; sourceTree = "<group>"; };
		5269602527FA75F1007F8D3C /* League.swift */ = {isa = PBXFileReference; lastKnownFileType = sourcecode.swift; path = League.swift; sourceTree = "<group>"; };
		5269602727FA761C007F8D3C /* Options.swift */ = {isa = PBXFileReference; lastKnownFileType = sourcecode.swift; path = Options.swift; sourceTree = "<group>"; };
		5269602A27FA9D36007F8D3C /* Oswald.ttf */ = {isa = PBXFileReference; lastKnownFileType = file; path = Oswald.ttf; sourceTree = "<group>"; };
		5269602C27FA9D62007F8D3C /* Info.plist */ = {isa = PBXFileReference; lastKnownFileType = text.plist; path = Info.plist; sourceTree = "<group>"; };
		5269602D27FAA4FA007F8D3C /* Alumni.ttf */ = {isa = PBXFileReference; lastKnownFileType = file; path = Alumni.ttf; sourceTree = "<group>"; };
		5269602F27FAA660007F8D3C /* AlumniSansInlineOne-Regular.ttf */ = {isa = PBXFileReference; lastKnownFileType = file; path = "AlumniSansInlineOne-Regular.ttf"; sourceTree = "<group>"; };
/* End PBXFileReference section */

/* Begin PBXFrameworksBuildPhase section */
		5269600027F9A0D2007F8D3C /* Frameworks */ = {
			isa = PBXFrameworksBuildPhase;
			buildActionMask = 2147483647;
			files = (
			);
			runOnlyForDeploymentPostprocessing = 0;
		};
/* End PBXFrameworksBuildPhase section */

/* Begin PBXGroup section */
		52695FFA27F9A0D2007F8D3C = {
			isa = PBXGroup;
			children = (
				5269600527F9A0D2007F8D3C /* CFB */,
				5269600427F9A0D2007F8D3C /* Products */,
			);
			sourceTree = "<group>";
		};
		5269600427F9A0D2007F8D3C /* Products */ = {
			isa = PBXGroup;
			children = (
				5269600327F9A0D2007F8D3C /* NFLLeagueFantasy.app */,
			);
			name = Products;
			sourceTree = "<group>";
		};
		5269600527F9A0D2007F8D3C /* CFB */ = {
			isa = PBXGroup;
			children = (
				5269602927FA9D1D007F8D3C /* Fonts */,
				5269601D27FA628B007F8D3C /* View */,
				5269601A27F9B151007F8D3C /* Data */,
				5269601927F9B10D007F8D3C /* Model */,
				5269601627F9AB3C007F8D3C /* Utilities */,
				5269600627F9A0D2007F8D3C /* CFBApp.swift */,
				5269600827F9A0D2007F8D3C /* ContentView.swift */,
				5269600A27F9A0D3007F8D3C /* Assets.xcassets */,
				5269602C27FA9D62007F8D3C /* Info.plist */,
				5269600C27F9A0D3007F8D3C /* Preview Content */,
			);
			path = CFB;
			sourceTree = "<group>";
		};
		5269600C27F9A0D3007F8D3C /* Preview Content */ = {
			isa = PBXGroup;
			children = (
				5269600D27F9A0D3007F8D3C /* Preview Assets.xcassets */,
			);
			path = "Preview Content";
			sourceTree = "<group>";
		};
		5269601627F9AB3C007F8D3C /* Utilities */ = {
			isa = PBXGroup;
			children = (
				5269601B27FA6192007F8D3C /* Color-Themes.swift */,
			);
			path = Utilities;
			sourceTree = "<group>";
		};
		5269601927F9B10D007F8D3C /* Model */ = {
			isa = PBXGroup;
			children = (
			);
			path = Model;
			sourceTree = "<group>";
		};
		5269601A27F9B151007F8D3C /* Data */ = {
			isa = PBXGroup;
			children = (
				5269602027FA6701007F8D3C /* NFLLeagueDataModel.xcdatamodeld */,
			);
			path = Data;
			sourceTree = "<group>";
		};
		5269601D27FA628B007F8D3C /* View */ = {
			isa = PBXGroup;
			children = (
				5269601E27FA62B2007F8D3C /* Dashboard.swift */,
				5269602327FA75D3007F8D3C /* News.swift */,
				5269602527FA75F1007F8D3C /* League.swift */,
				5269602727FA761C007F8D3C /* Options.swift */,
			);
			path = View;
			sourceTree = "<group>";
		};
		5269602927FA9D1D007F8D3C /* Fonts */ = {
			isa = PBXGroup;
			children = (
				5269602F27FAA660007F8D3C /* AlumniSansInlineOne-Regular.ttf */,
				5269602D27FAA4FA007F8D3C /* Alumni.ttf */,
				5269602A27FA9D36007F8D3C /* Oswald.ttf */,
			);
			path = Fonts;
			sourceTree = "<group>";
		};
/* End PBXGroup section */

/* Begin PBXNativeTarget section */
		5269600227F9A0D2007F8D3C /* CFB */ = {
			isa = PBXNativeTarget;
			buildConfigurationList = 5269601127F9A0D3007F8D3C /* Build configuration list for PBXNativeTarget "CFB" */;
			buildPhases = (
				52695FFF27F9A0D2007F8D3C /* Sources */,
				5269600027F9A0D2007F8D3C /* Frameworks */,
				5269600127F9A0D2007F8D3C /* Resources */,
			);
			buildRules = (
			);
			dependencies = (
			);
			name = CFB;
			productName = CFB;
			productReference = 5269600327F9A0D2007F8D3C /* NFLLeagueFantasy.app */;
			productType = "com.apple.product-type.application";
		};
/* End PBXNativeTarget section */

/* Begin PBXProject section */
		52695FFB27F9A0D2007F8D3C /* Project object */ = {
			isa = PBXProject;
			attributes = {
				BuildIndependentTargetsInParallel = 1;
				LastSwiftUpdateCheck = 1330;
				LastUpgradeCheck = 1330;
				TargetAttributes = {
					5269600227F9A0D2007F8D3C = {
						CreatedOnToolsVersion = 13.3;
					};
				};
			};
			buildConfigurationList = 52695FFE27F9A0D2007F8D3C /* Build configuration list for PBXProject "CFB" */;
			compatibilityVersion = "Xcode 13.0";
			developmentRegion = en;
			hasScannedForEncodings = 0;
			knownRegions = (
				en,
				Base,
			);
			mainGroup = 52695FFA27F9A0D2007F8D3C;
			productRefGroup = 5269600427F9A0D2007F8D3C /* Products */;
			projectDirPath = "";
			projectRoot = "";
			targets = (
				5269600227F9A0D2007F8D3C /* CFB */,
			);
		};
/* End PBXProject section */

/* Begin PBXResourcesBuildPhase section */
		5269600127F9A0D2007F8D3C /* Resources */ = {
			isa = PBXResourcesBuildPhase;
			buildActionMask = 2147483647;
			files = (
				5269603027FAA660007F8D3C /* AlumniSansInlineOne-Regular.ttf in Resources */,
				5269602E27FAA4FA007F8D3C /* Alumni.ttf in Resources */,
				5269602B27FA9D36007F8D3C /* Oswald.ttf in Resources */,
				5269600E27F9A0D3007F8D3C /* Preview Assets.xcassets in Resources */,
				5269600B27F9A0D3007F8D3C /* Assets.xcassets in Resources */,
			);
			runOnlyForDeploymentPostprocessing = 0;
		};
/* End PBXResourcesBuildPhase section */

/* Begin PBXSourcesBuildPhase section */
		52695FFF27F9A0D2007F8D3C /* Sources */ = {
			isa = PBXSourcesBuildPhase;
			buildActionMask = 2147483647;
			files = (
				5269602627FA75F1007F8D3C /* League.swift in Sources */,
				5269602427FA75D3007F8D3C /* News.swift in Sources */,
				5269600927F9A0D2007F8D3C /* ContentView.swift in Sources */,
				5269602227FA6702007F8D3C /* NFLLeagueDataModel.xcdatamodeld in Sources */,
				5269602827FA761C007F8D3C /* Options.swift in Sources */,
				5269600727F9A0D2007F8D3C /* CFBApp.swift in Sources */,
				5269601F27FA62B2007F8D3C /* Dashboard.swift in Sources */,
				5269601C27FA6192007F8D3C /* Color-Themes.swift in Sources */,
			);
			runOnlyForDeploymentPostprocessing = 0;
		};
/* End PBXSourcesBuildPhase section */

/* Begin XCBuildConfiguration section */
		5269600F27F9A0D3007F8D3C /* Debug */ = {
			isa = XCBuildConfiguration;
			buildSettings = {
				ALWAYS_SEARCH_USER_PATHS = NO;
				CLANG_ANALYZER_NONNULL = YES;
				CLANG_ANALYZER_NUMBER_OBJECT_CONVERSION = YES_AGGRESSIVE;
				CLANG_CXX_LANGUAGE_STANDARD = "gnu++17";
				CLANG_ENABLE_MODULES = YES;
				CLANG_ENABLE_OBJC_ARC = YES;
				CLANG_ENABLE_OBJC_WEAK = YES;
				CLANG_WARN_BLOCK_CAPTURE_AUTORELEASING = YES;
				CLANG_WARN_BOOL_CONVERSION = YES;
				CLANG_WARN_COMMA = YES;
				CLANG_WARN_CONSTANT_CONVERSION = YES;
				CLANG_WARN_DEPRECATED_OBJC_IMPLEMENTATIONS = YES;
				CLANG_WARN_DIRECT_OBJC_ISA_USAGE = YES_ERROR;
				CLANG_WARN_DOCUMENTATION_COMMENTS = YES;
				CLANG_WARN_EMPTY_BODY = YES;
				CLANG_WARN_ENUM_CONVERSION = YES;
				CLANG_WARN_INFINITE_RECURSION = YES;
				CLANG_WARN_INT_CONVERSION = YES;
				CLANG_WARN_NON_LITERAL_NULL_CONVERSION = YES;
				CLANG_WARN_OBJC_IMPLICIT_RETAIN_SELF = YES;
				CLANG_WARN_OBJC_LITERAL_CONVERSION = YES;
				CLANG_WARN_OBJC_ROOT_CLASS = YES_ERROR;
				CLANG_WARN_QUOTED_INCLUDE_IN_FRAMEWORK_HEADER = YES;
				CLANG_WARN_RANGE_LOOP_ANALYSIS = YES;
				CLANG_WARN_STRICT_PROTOTYPES = YES;
				CLANG_WARN_SUSPICIOUS_MOVE = YES;
				CLANG_WARN_UNGUARDED_AVAILABILITY = YES_AGGRESSIVE;
				CLANG_WARN_UNREACHABLE_CODE = YES;
				CLANG_WARN__DUPLICATE_METHOD_MATCH = YES;
				COPY_PHASE_STRIP = NO;
				DEBUG_INFORMATION_FORMAT = dwarf;
				ENABLE_STRICT_OBJC_MSGSEND = YES;
				ENABLE_TESTABILITY = YES;
				GCC_C_LANGUAGE_STANDARD = gnu11;
				GCC_DYNAMIC_NO_PIC = NO;
				GCC_NO_COMMON_BLOCKS = YES;
				GCC_OPTIMIZATION_LEVEL = 0;
				GCC_PREPROCESSOR_DEFINITIONS = (
					"DEBUG=1",
					"$(inherited)",
				);
				GCC_WARN_64_TO_32_BIT_CONVERSION = YES;
				GCC_WARN_ABOUT_RETURN_TYPE = YES_ERROR;
				GCC_WARN_UNDECLARED_SELECTOR = YES;
				GCC_WARN_UNINITIALIZED_AUTOS = YES_AGGRESSIVE;
				GCC_WARN_UNUSED_FUNCTION = YES;
				GCC_WARN_UNUSED_VARIABLE = YES;
				IPHONEOS_DEPLOYMENT_TARGET = 15.4;
				MTL_ENABLE_DEBUG_INFO = INCLUDE_SOURCE;
				MTL_FAST_MATH = YES;
				ONLY_ACTIVE_ARCH = YES;
				SDKROOT = iphoneos;
				SWIFT_ACTIVE_COMPILATION_CONDITIONS = DEBUG;
				SWIFT_OPTIMIZATION_LEVEL = "-Onone";
			};
			name = Debug;
		};
		5269601027F9A0D3007F8D3C /* Release */ = {
			isa = XCBuildConfiguration;
			buildSettings = {
				ALWAYS_SEARCH_USER_PATHS = NO;
				CLANG_ANALYZER_NONNULL = YES;
				CLANG_ANALYZER_NUMBER_OBJECT_CONVERSION = YES_AGGRESSIVE;
				CLANG_CXX_LANGUAGE_STANDARD = "gnu++17";
				CLANG_ENABLE_MODULES = YES;
				CLANG_ENABLE_OBJC_ARC = YES;
				CLANG_ENABLE_OBJC_WEAK = YES;
				CLANG_WARN_BLOCK_CAPTURE_AUTORELEASING = YES;
				CLANG_WARN_BOOL_CONVERSION = YES;
				CLANG_WARN_COMMA = YES;
				CLANG_WARN_CONSTANT_CONVERSION = YES;
				CLANG_WARN_DEPRECATED_OBJC_IMPLEMENTATIONS = YES;
				CLANG_WARN_DIRECT_OBJC_ISA_USAGE = YES_ERROR;
				CLANG_WARN_DOCUMENTATION_COMMENTS = YES;
				CLANG_WARN_EMPTY_BODY = YES;
				CLANG_WARN_ENUM_CONVERSION = YES;
				CLANG_WARN_INFINITE_RECURSION = YES;
				CLANG_WARN_INT_CONVERSION = YES;
				CLANG_WARN_NON_LITERAL_NULL_CONVERSION = YES;
				CLANG_WARN_OBJC_IMPLICIT_RETAIN_SELF = YES;
				CLANG_WARN_OBJC_LITERAL_CONVERSION = YES;
				CLANG_WARN_OBJC_ROOT_CLASS = YES_ERROR;
				CLANG_WARN_QUOTED_INCLUDE_IN_FRAMEWORK_HEADER = YES;
				CLANG_WARN_RANGE_LOOP_ANALYSIS = YES;
				CLANG_WARN_STRICT_PROTOTYPES = YES;
				CLANG_WARN_SUSPICIOUS_MOVE = YES;
				CLANG_WARN_UNGUARDED_AVAILABILITY = YES_AGGRESSIVE;
				CLANG_WARN_UNREACHABLE_CODE = YES;
				CLANG_WARN__DUPLICATE_METHOD_MATCH = YES;
				COPY_PHASE_STRIP = NO;
				DEBUG_INFORMATION_FORMAT = "dwarf-with-dsym";
				ENABLE_NS_ASSERTIONS = NO;
				ENABLE_STRICT_OBJC_MSGSEND = YES;
				GCC_C_LANGUAGE_STANDARD = gnu11;
				GCC_NO_COMMON_BLOCKS = YES;
				GCC_WARN_64_TO_32_BIT_CONVERSION = YES;
				GCC_WARN_ABOUT_RETURN_TYPE = YES_ERROR;
				GCC_WARN_UNDECLARED_SELECTOR = YES;
				GCC_WARN_UNINITIALIZED_AUTOS = YES_AGGRESSIVE;
				GCC_WARN_UNUSED_FUNCTION = YES;
				GCC_WARN_UNUSED_VARIABLE = YES;
				IPHONEOS_DEPLOYMENT_TARGET = 15.4;
				MTL_ENABLE_DEBUG_INFO = NO;
				MTL_FAST_MATH = YES;
				SDKROOT = iphoneos;
				SWIFT_COMPILATION_MODE = wholemodule;
				SWIFT_OPTIMIZATION_LEVEL = "-O";
				VALIDATE_PRODUCT = YES;
			};
			name = Release;
		};
		5269601227F9A0D3007F8D3C /* Debug */ = {
			isa = XCBuildConfiguration;
			buildSettings = {
				ASSETCATALOG_COMPILER_APPICON_NAME = AppIcon;
				ASSETCATALOG_COMPILER_GLOBAL_ACCENT_COLOR_NAME = AccentColor;
				CODE_SIGN_STYLE = Automatic;
				CURRENT_PROJECT_VERSION = 1;
				DEVELOPMENT_ASSET_PATHS = "\"CFB/Preview Content\"";
				DEVELOPMENT_TEAM = F94T4F28AP;
				ENABLE_PREVIEWS = YES;
				GENERATE_INFOPLIST_FILE = YES;
				INFOPLIST_FILE = CFB/Info.plist;
				INFOPLIST_KEY_CFBundleDisplayName = CFB;
				INFOPLIST_KEY_UIApplicationSceneManifest_Generation = YES;
				INFOPLIST_KEY_UIApplicationSupportsIndirectInputEvents = YES;
				INFOPLIST_KEY_UILaunchScreen_Generation = YES;
				INFOPLIST_KEY_UISupportedInterfaceOrientations_iPad = "UIInterfaceOrientationPortrait UIInterfaceOrientationPortraitUpsideDown UIInterfaceOrientationLandscapeLeft UIInterfaceOrientationLandscapeRight";
				INFOPLIST_KEY_UISupportedInterfaceOrientations_iPhone = "UIInterfaceOrientationPortrait UIInterfaceOrientationLandscapeLeft UIInterfaceOrientationLandscapeRight";
				LD_RUNPATH_SEARCH_PATHS = (
					"$(inherited)",
					"@executable_path/Frameworks",
				);
				MARKETING_VERSION = 1.0;
				PRODUCT_BUNDLE_IDENTIFIER = com.stradtkt.CFB;
				PRODUCT_NAME = NFLLeagueFantasy;
				SWIFT_EMIT_LOC_STRINGS = YES;
				SWIFT_VERSION = 5.0;
				TARGETED_DEVICE_FAMILY = "1,2";
			};
			name = Debug;
		};
		5269601327F9A0D3007F8D3C /* Release */ = {
			isa = XCBuildConfiguration;
			buildSettings = {
				ASSETCATALOG_COMPILER_APPICON_NAME = AppIcon;
				ASSETCATALOG_COMPILER_GLOBAL_ACCENT_COLOR_NAME = AccentColor;
				CODE_SIGN_STYLE = Automatic;
				CURRENT_PROJECT_VERSION = 1;
				DEVELOPMENT_ASSET_PATHS = "\"CFB/Preview Content\"";
				DEVELOPMENT_TEAM = F94T4F28AP;
				ENABLE_PREVIEWS = YES;
				GENERATE_INFOPLIST_FILE = YES;
				INFOPLIST_FILE = CFB/Info.plist;
				INFOPLIST_KEY_CFBundleDisplayName = CFB;
				INFOPLIST_KEY_UIApplicationSceneManifest_Generation = YES;
				INFOPLIST_KEY_UIApplicationSupportsIndirectInputEvents = YES;
				INFOPLIST_KEY_UILaunchScreen_Generation = YES;
				INFOPLIST_KEY_UISupportedInterfaceOrientations_iPad = "UIInterfaceOrientationPortrait UIInterfaceOrientationPortraitUpsideDown UIInterfaceOrientationLandscapeLeft UIInterfaceOrientationLandscapeRight";
				INFOPLIST_KEY_UISupportedInterfaceOrientations_iPhone = "UIInterfaceOrientationPortrait UIInterfaceOrientationLandscapeLeft UIInterfaceOrientationLandscapeRight";
				LD_RUNPATH_SEARCH_PATHS = (
					"$(inherited)",
					"@executable_path/Frameworks",
				);
				MARKETING_VERSION = 1.0;
				PRODUCT_BUNDLE_IDENTIFIER = com.stradtkt.CFB;
				PRODUCT_NAME = NFLLeagueFantasy;
				SWIFT_EMIT_LOC_STRINGS = YES;
				SWIFT_VERSION = 5.0;
				TARGETED_DEVICE_FAMILY = "1,2";
			};
			name = Release;
		};
/* End XCBuildConfiguration section */

/* Begin XCConfigurationList section */
		52695FFE27F9A0D2007F8D3C /* Build configuration list for PBXProject "CFB" */ = {
			isa = XCConfigurationList;
			buildConfigurations = (
				5269600F27F9A0D3007F8D3C /* Debug */,
				5269601027F9A0D3007F8D3C /* Release */,
			);
			defaultConfigurationIsVisible = 0;
			defaultConfigurationName = Release;
		};
		5269601127F9A0D3007F8D3C /* Build configuration list for PBXNativeTarget "CFB" */ = {
			isa = XCConfigurationList;
			buildConfigurations = (
				5269601227F9A0D3007F8D3C /* Debug */,
				5269601327F9A0D3007F8D3C /* Release */,
			);
			defaultConfigurationIsVisible = 0;
			defaultConfigurationName = Release;
		};
/* End XCConfigurationList section */

/* Begin XCVersionGroup section */
		5269602027FA6701007F8D3C /* NFLLeagueDataModel.xcdatamodeld */ = {
			isa = XCVersionGroup;
			children = (
				5269602127FA6701007F8D3C /* NFLLeagueDataModel.xcdatamodel */,
			);
			currentVersion = 5269602127FA6701007F8D3C /* NFLLeagueDataModel.xcdatamodel */;
			path = NFLLeagueDataModel.xcdatamodeld;
			sourceTree = "<group>";
			versionGroupType = wrapper.xcdatamodel;
		};
/* End XCVersionGroup section */
	};
	rootObject = 52695FFB27F9A0D2007F8D3C /* Project object */;
}
